
Microsoft Visual Studio Solution File, Format Version 12.00
# Visual Studio Version 16
VisualStudioVersion = 16.0.31729.503
MinimumVisualStudioVersion = 10.0.40219.1
Project("{FAE04EC0-301F-11D3-BF4B-00C04F79EFBC}") = "testiapp", "testiapp\testiapp.csproj", "{BDE884D2-7B00-4338-A02F-4D4D87CD84A2}"
EndProject
Project("{FAE04EC0-301F-11D3-BF4B-00C04F79EFBC}") = "ajoneuvo", "ajoneuvo\ajoneuvo.csproj", "{AE61D647-D519-47F9-A859-66D4BA6C6DFA}"
EndProject
Project("{FAE04EC0-301F-11D3-BF4B-00C04F79EFBC}") = "kiuas", "kiuas\kiuas.csproj", "{859DD030-D787-4DB1-AE0A-429E90DA82FE}"
EndProject
Global
	GlobalSection(SolutionConfigurationPlatforms) = preSolution
		Debug|Any CPU = Debug|Any CPU
		Release|Any CPU = Release|Any CPU
	EndGlobalSection
	GlobalSection(ProjectConfigurationPlatforms) = postSolution
		{BDE884D2-7B00-4338-A02F-4D4D87CD84A2}.Debug|Any CPU.ActiveCfg = Debug|Any CPU
		{BDE884D2-7B00-4338-A02F-4D4D87CD84A2}.Debug|Any CPU.Build.0 = Debug|Any CPU
		{BDE884D2-7B00-4338-A02F-4D4D87CD84A2}.Release|Any CPU.ActiveCfg = Release|Any CPU
		{BDE884D2-7B00-4338-A02F-4D4D87CD84A2}.Release|Any CPU.Build.0 = Release|Any CPU
		{AE61D647-D519-47F9-A859-66D4BA6C6DFA}.Debug|Any CPU.ActiveCfg = Debug|Any CPU
		{AE61D647-D519-47F9-A859-66D4BA6C6DFA}.Debug|Any CPU.Build.0 = Debug|Any CPU
		{AE61D647-D519-47F9-A859-66D4BA6C6DFA}.Release|Any CPU.ActiveCfg = Release|Any CPU
		{AE61D647-D519-47F9-A859-66D4BA6C6DFA}.Release|Any CPU.Build.0 = Release|Any CPU
		{859DD030-D787-4DB1-AE0A-429E90DA82FE}.Debug|Any CPU.ActiveCfg = Debug|Any CPU
		{859DD030-D787-4DB1-AE0A-429E90DA82FE}.Debug|Any CPU.Build.0 = Debug|Any CPU
		{859DD030-D787-4DB1-AE0A-429E90DA82FE}.Release|Any CPU.ActiveCfg = Release|Any CPU
		{859DD030-D787-4DB1-AE0A-429E90DA82FE}.Release|Any CPU.Build.0 = Release|Any CPU
	EndGlobalSection
	GlobalSection(SolutionProperties) = preSolution
		HideSolutionNode = FALSE
	EndGlobalSection
	GlobalSection(ExtensibilityGlobals) = postSolution
		SolutionGuid = {9431D40D-6C4E-43C3-A0A0-B112486B4796}
	EndGlobalSection
EndGlobal
