
Microsoft Visual Studio Solution File, Format Version 12.00
# Visual Studio Version 16
VisualStudioVersion = 16.0.31729.503
MinimumVisualStudioVersion = 10.0.40219.1
Project("{9A19103F-16F7-4668-BE54-9A1E7A4F7556}") = "testiapp", "testiapp\testiapp.csproj", "{BDE884D2-7B00-4338-A02F-4D4D87CD84A2}"
EndProject
Project("{9A19103F-16F7-4668-BE54-9A1E7A4F7556}") = "ajoneuvo", "ajoneuvo\ajoneuvo.csproj", "{AE61D647-D519-47F9-A859-66D4BA6C6DFA}"
EndProject
Project("{9A19103F-16F7-4668-BE54-9A1E7A4F7556}") = "kiuas", "kiuas\kiuas.csproj", "{859DD030-D787-4DB1-AE0A-429E90DA82FE}"
EndProject
Project("{9A19103F-16F7-4668-BE54-9A1E7A4F7556}") = "Tehtävä 4", "Tehtävä 4\Tehtävä 4.csproj", "{490EB9B2-6127-469B-8661-EC694E44AA26}"
EndProject
Project("{9A19103F-16F7-4668-BE54-9A1E7A4F7556}") = "static_esimerkki", "static\static_esimerkki.csproj", "{2B7A690F-EE40-4D54-BDE7-53C7F9A74270}"
EndProject
Project("{9A19103F-16F7-4668-BE54-9A1E7A4F7556}") = "Laskin", "Laskin\Laskin.csproj", "{1A9D421A-EF79-404C-98D8-5BF53B8E1A7D}"
EndProject
Project("{9A19103F-16F7-4668-BE54-9A1E7A4F7556}") = "Perintö", "Perintö\Perintö.csproj", "{E5E2B481-73B4-437A-826F-913A32E6B600}"
EndProject
Project("{9A19103F-16F7-4668-BE54-9A1E7A4F7556}") = "Esimerkki abstrakt", "Esimerkki abstrakt\Esimerkki abstrakt.csproj", "{5A166F06-7305-4E29-B77E-94BE9DFE70B4}"
EndProject
Project("{9A19103F-16F7-4668-BE54-9A1E7A4F7556}") = "Eläin", "Eläin\Eläin.csproj", "{E9E0E43D-8D14-48B0-B55C-9438523C31F3}"
EndProject
Project("{9A19103F-16F7-4668-BE54-9A1E7A4F7556}") = "Harjoitus 7", "Harjoitus 7\Harjoitus 7.csproj", "{F2BC1226-235D-4912-8482-040951D3BBAB}"
EndProject
Project("{9A19103F-16F7-4668-BE54-9A1E7A4F7556}") = "Harjoitus 8", "Harjoitus 8\Harjoitus 8.csproj", "{40932B44-D182-4D47-B52E-87E34961A25F}"
EndProject
Project("{9A19103F-16F7-4668-BE54-9A1E7A4F7556}") = "harjotus 11", "ConsoleApp2\harjotus 11.csproj", "{A04408B8-2F03-47DE-823E-3293F6D7D8FE}"
EndProject
Project("{9A19103F-16F7-4668-BE54-9A1E7A4F7556}") = "Radio", "Radio\Radio.csproj", "{07CDF692-E29D-4382-8528-0E9A524CD631}"
EndProject
Project("{9A19103F-16F7-4668-BE54-9A1E7A4F7556}") = "WpfApp1", "WpfApp1\WpfApp1.csproj", "{46BA3133-5751-433E-B116-38115CCE4EFA}"
EndProject
Project("{9A19103F-16F7-4668-BE54-9A1E7A4F7556}") = "WpfApp2", "WpfApp2\WpfApp2.csproj", "{58D4B598-EF8F-4AB7-9976-CDDD131ACDAF}"
EndProject
Project("{9A19103F-16F7-4668-BE54-9A1E7A4F7556}") = "WpfApp3", "WpfApp3\WpfApp3.csproj", "{55893465-75BA-4AC6-AEB7-1D58CB48A6B3}"
EndProject
Project("{FAE04EC0-301F-11D3-BF4B-00C04F79EFBC}") = "Sivujen vaihto", "Sivujen vaihto\Sivujen vaihto.csproj", "{9C64510D-68BC-4840-BF53-1FA9E2DA772A}"
EndProject
Project("{FAE04EC0-301F-11D3-BF4B-00C04F79EFBC}") = "Hissi1", "Hissi1\Hissi1.csproj", "{88D52677-73BF-4287-9637-DD0E41F3B360}"
EndProject
Project("{FAE04EC0-301F-11D3-BF4B-00C04F79EFBC}") = "harvia kiuas wpf", "harvia kiuas wpf\harvia kiuas wpf.csproj", "{943F762D-82E5-40FF-AB8D-5ABBF9A876A8}"
EndProject
Project("{9A19103F-16F7-4668-BE54-9A1E7A4F7556}") = "Harjotus 12", "Harjotus 12\Harjotus 12.csproj", "{BD8522BD-4943-481B-B9D1-208549B83A72}"
EndProject
Project("{FAE04EC0-301F-11D3-BF4B-00C04F79EFBC}") = "Tehtävä 26", "Tehtävä 26\Tehtävä 26.csproj", "{E47946FF-2D06-4E23-BDCD-99CF9BD3E8B1}"
EndProject
Global
	GlobalSection(SolutionConfigurationPlatforms) = preSolution
		Debug|Any CPU = Debug|Any CPU
		Release|Any CPU = Release|Any CPU
	EndGlobalSection
	GlobalSection(ProjectConfigurationPlatforms) = postSolution
		{BDE884D2-7B00-4338-A02F-4D4D87CD84A2}.Debug|Any CPU.ActiveCfg = Debug|Any CPU
		{BDE884D2-7B00-4338-A02F-4D4D87CD84A2}.Debug|Any CPU.Build.0 = Debug|Any CPU
		{BDE884D2-7B00-4338-A02F-4D4D87CD84A2}.Release|Any CPU.ActiveCfg = Release|Any CPU
		{BDE884D2-7B00-4338-A02F-4D4D87CD84A2}.Release|Any CPU.Build.0 = Release|Any CPU
		{AE61D647-D519-47F9-A859-66D4BA6C6DFA}.Debug|Any CPU.ActiveCfg = Debug|Any CPU
		{AE61D647-D519-47F9-A859-66D4BA6C6DFA}.Debug|Any CPU.Build.0 = Debug|Any CPU
		{AE61D647-D519-47F9-A859-66D4BA6C6DFA}.Release|Any CPU.ActiveCfg = Release|Any CPU
		{AE61D647-D519-47F9-A859-66D4BA6C6DFA}.Release|Any CPU.Build.0 = Release|Any CPU
		{859DD030-D787-4DB1-AE0A-429E90DA82FE}.Debug|Any CPU.ActiveCfg = Debug|Any CPU
		{859DD030-D787-4DB1-AE0A-429E90DA82FE}.Debug|Any CPU.Build.0 = Debug|Any CPU
		{859DD030-D787-4DB1-AE0A-429E90DA82FE}.Release|Any CPU.ActiveCfg = Release|Any CPU
		{859DD030-D787-4DB1-AE0A-429E90DA82FE}.Release|Any CPU.Build.0 = Release|Any CPU
		{490EB9B2-6127-469B-8661-EC694E44AA26}.Debug|Any CPU.ActiveCfg = Debug|Any CPU
		{490EB9B2-6127-469B-8661-EC694E44AA26}.Debug|Any CPU.Build.0 = Debug|Any CPU
		{490EB9B2-6127-469B-8661-EC694E44AA26}.Release|Any CPU.ActiveCfg = Release|Any CPU
		{490EB9B2-6127-469B-8661-EC694E44AA26}.Release|Any CPU.Build.0 = Release|Any CPU
		{2B7A690F-EE40-4D54-BDE7-53C7F9A74270}.Debug|Any CPU.ActiveCfg = Debug|Any CPU
		{2B7A690F-EE40-4D54-BDE7-53C7F9A74270}.Debug|Any CPU.Build.0 = Debug|Any CPU
		{2B7A690F-EE40-4D54-BDE7-53C7F9A74270}.Release|Any CPU.ActiveCfg = Release|Any CPU
		{2B7A690F-EE40-4D54-BDE7-53C7F9A74270}.Release|Any CPU.Build.0 = Release|Any CPU
		{1A9D421A-EF79-404C-98D8-5BF53B8E1A7D}.Debug|Any CPU.ActiveCfg = Debug|Any CPU
		{1A9D421A-EF79-404C-98D8-5BF53B8E1A7D}.Debug|Any CPU.Build.0 = Debug|Any CPU
		{1A9D421A-EF79-404C-98D8-5BF53B8E1A7D}.Release|Any CPU.ActiveCfg = Release|Any CPU
		{1A9D421A-EF79-404C-98D8-5BF53B8E1A7D}.Release|Any CPU.Build.0 = Release|Any CPU
		{E5E2B481-73B4-437A-826F-913A32E6B600}.Debug|Any CPU.ActiveCfg = Debug|Any CPU
		{E5E2B481-73B4-437A-826F-913A32E6B600}.Debug|Any CPU.Build.0 = Debug|Any CPU
		{E5E2B481-73B4-437A-826F-913A32E6B600}.Release|Any CPU.ActiveCfg = Release|Any CPU
		{E5E2B481-73B4-437A-826F-913A32E6B600}.Release|Any CPU.Build.0 = Release|Any CPU
		{5A166F06-7305-4E29-B77E-94BE9DFE70B4}.Debug|Any CPU.ActiveCfg = Debug|Any CPU
		{5A166F06-7305-4E29-B77E-94BE9DFE70B4}.Debug|Any CPU.Build.0 = Debug|Any CPU
		{5A166F06-7305-4E29-B77E-94BE9DFE70B4}.Release|Any CPU.ActiveCfg = Release|Any CPU
		{5A166F06-7305-4E29-B77E-94BE9DFE70B4}.Release|Any CPU.Build.0 = Release|Any CPU
		{E9E0E43D-8D14-48B0-B55C-9438523C31F3}.Debug|Any CPU.ActiveCfg = Debug|Any CPU
		{E9E0E43D-8D14-48B0-B55C-9438523C31F3}.Debug|Any CPU.Build.0 = Debug|Any CPU
		{E9E0E43D-8D14-48B0-B55C-9438523C31F3}.Release|Any CPU.ActiveCfg = Release|Any CPU
		{E9E0E43D-8D14-48B0-B55C-9438523C31F3}.Release|Any CPU.Build.0 = Release|Any CPU
		{F2BC1226-235D-4912-8482-040951D3BBAB}.Debug|Any CPU.ActiveCfg = Debug|Any CPU
		{F2BC1226-235D-4912-8482-040951D3BBAB}.Debug|Any CPU.Build.0 = Debug|Any CPU
		{F2BC1226-235D-4912-8482-040951D3BBAB}.Release|Any CPU.ActiveCfg = Release|Any CPU
		{F2BC1226-235D-4912-8482-040951D3BBAB}.Release|Any CPU.Build.0 = Release|Any CPU
		{40932B44-D182-4D47-B52E-87E34961A25F}.Debug|Any CPU.ActiveCfg = Debug|Any CPU
		{40932B44-D182-4D47-B52E-87E34961A25F}.Debug|Any CPU.Build.0 = Debug|Any CPU
		{40932B44-D182-4D47-B52E-87E34961A25F}.Release|Any CPU.ActiveCfg = Release|Any CPU
		{40932B44-D182-4D47-B52E-87E34961A25F}.Release|Any CPU.Build.0 = Release|Any CPU
		{A04408B8-2F03-47DE-823E-3293F6D7D8FE}.Debug|Any CPU.ActiveCfg = Debug|Any CPU
		{A04408B8-2F03-47DE-823E-3293F6D7D8FE}.Debug|Any CPU.Build.0 = Debug|Any CPU
		{A04408B8-2F03-47DE-823E-3293F6D7D8FE}.Release|Any CPU.ActiveCfg = Release|Any CPU
		{A04408B8-2F03-47DE-823E-3293F6D7D8FE}.Release|Any CPU.Build.0 = Release|Any CPU
		{07CDF692-E29D-4382-8528-0E9A524CD631}.Debug|Any CPU.ActiveCfg = Debug|Any CPU
		{07CDF692-E29D-4382-8528-0E9A524CD631}.Debug|Any CPU.Build.0 = Debug|Any CPU
		{07CDF692-E29D-4382-8528-0E9A524CD631}.Release|Any CPU.ActiveCfg = Release|Any CPU
		{07CDF692-E29D-4382-8528-0E9A524CD631}.Release|Any CPU.Build.0 = Release|Any CPU
		{46BA3133-5751-433E-B116-38115CCE4EFA}.Debug|Any CPU.ActiveCfg = Debug|Any CPU
		{46BA3133-5751-433E-B116-38115CCE4EFA}.Debug|Any CPU.Build.0 = Debug|Any CPU
		{46BA3133-5751-433E-B116-38115CCE4EFA}.Release|Any CPU.ActiveCfg = Release|Any CPU
		{46BA3133-5751-433E-B116-38115CCE4EFA}.Release|Any CPU.Build.0 = Release|Any CPU
		{58D4B598-EF8F-4AB7-9976-CDDD131ACDAF}.Debug|Any CPU.ActiveCfg = Debug|Any CPU
		{58D4B598-EF8F-4AB7-9976-CDDD131ACDAF}.Debug|Any CPU.Build.0 = Debug|Any CPU
		{58D4B598-EF8F-4AB7-9976-CDDD131ACDAF}.Release|Any CPU.ActiveCfg = Release|Any CPU
		{58D4B598-EF8F-4AB7-9976-CDDD131ACDAF}.Release|Any CPU.Build.0 = Release|Any CPU
		{55893465-75BA-4AC6-AEB7-1D58CB48A6B3}.Debug|Any CPU.ActiveCfg = Debug|Any CPU
		{55893465-75BA-4AC6-AEB7-1D58CB48A6B3}.Debug|Any CPU.Build.0 = Debug|Any CPU
		{55893465-75BA-4AC6-AEB7-1D58CB48A6B3}.Release|Any CPU.ActiveCfg = Release|Any CPU
		{55893465-75BA-4AC6-AEB7-1D58CB48A6B3}.Release|Any CPU.Build.0 = Release|Any CPU
		{9C64510D-68BC-4840-BF53-1FA9E2DA772A}.Debug|Any CPU.ActiveCfg = Debug|Any CPU
		{9C64510D-68BC-4840-BF53-1FA9E2DA772A}.Debug|Any CPU.Build.0 = Debug|Any CPU
		{9C64510D-68BC-4840-BF53-1FA9E2DA772A}.Release|Any CPU.ActiveCfg = Release|Any CPU
		{9C64510D-68BC-4840-BF53-1FA9E2DA772A}.Release|Any CPU.Build.0 = Release|Any CPU
		{88D52677-73BF-4287-9637-DD0E41F3B360}.Debug|Any CPU.ActiveCfg = Debug|Any CPU
		{88D52677-73BF-4287-9637-DD0E41F3B360}.Debug|Any CPU.Build.0 = Debug|Any CPU
		{88D52677-73BF-4287-9637-DD0E41F3B360}.Release|Any CPU.ActiveCfg = Release|Any CPU
		{88D52677-73BF-4287-9637-DD0E41F3B360}.Release|Any CPU.Build.0 = Release|Any CPU
		{943F762D-82E5-40FF-AB8D-5ABBF9A876A8}.Debug|Any CPU.ActiveCfg = Debug|Any CPU
		{943F762D-82E5-40FF-AB8D-5ABBF9A876A8}.Debug|Any CPU.Build.0 = Debug|Any CPU
		{943F762D-82E5-40FF-AB8D-5ABBF9A876A8}.Release|Any CPU.ActiveCfg = Release|Any CPU
		{943F762D-82E5-40FF-AB8D-5ABBF9A876A8}.Release|Any CPU.Build.0 = Release|Any CPU
		{BD8522BD-4943-481B-B9D1-208549B83A72}.Debug|Any CPU.ActiveCfg = Debug|Any CPU
		{BD8522BD-4943-481B-B9D1-208549B83A72}.Debug|Any CPU.Build.0 = Debug|Any CPU
		{BD8522BD-4943-481B-B9D1-208549B83A72}.Release|Any CPU.ActiveCfg = Release|Any CPU
		{BD8522BD-4943-481B-B9D1-208549B83A72}.Release|Any CPU.Build.0 = Release|Any CPU
		{E47946FF-2D06-4E23-BDCD-99CF9BD3E8B1}.Debug|Any CPU.ActiveCfg = Debug|Any CPU
		{E47946FF-2D06-4E23-BDCD-99CF9BD3E8B1}.Debug|Any CPU.Build.0 = Debug|Any CPU
		{E47946FF-2D06-4E23-BDCD-99CF9BD3E8B1}.Release|Any CPU.ActiveCfg = Release|Any CPU
		{E47946FF-2D06-4E23-BDCD-99CF9BD3E8B1}.Release|Any CPU.Build.0 = Release|Any CPU
	EndGlobalSection
	GlobalSection(SolutionProperties) = preSolution
		HideSolutionNode = FALSE
	EndGlobalSection
	GlobalSection(ExtensibilityGlobals) = postSolution
		SolutionGuid = {9431D40D-6C4E-43C3-A0A0-B112486B4796}
	EndGlobalSection
EndGlobal
